
Microsoft Visual Studio Solution File, Format Version 12.00
# Visual Studio Version 16
VisualStudioVersion = 16.0.28407.52
MinimumVisualStudioVersion = 10.0.40219.1
Project("{8BC9CEB8-8B4A-11D0-8D11-00A0C91BC942}") = "计算器", "计算器.vcxproj", "{71A412F2-5377-4E6C-BC0C-45CEEEA177CF}"
EndProject
Global
	GlobalSection(SolutionConfigurationPlatforms) = preSolution
		Debug|x64 = Debug|x64
		Debug|x86 = Debug|x86
		Release|x64 = Release|x64
		Release|x86 = Release|x86
	EndGlobalSection
	GlobalSection(ProjectConfigurationPlatforms) = postSolution
		{71A412F2-5377-4E6C-BC0C-45CEEEA177CF}.Debug|x64.ActiveCfg = Debug|x64
		{71A412F2-5377-4E6C-BC0C-45CEEEA177CF}.Debug|x64.Build.0 = Debug|x64
		{71A412F2-5377-4E6C-BC0C-45CEEEA177CF}.Debug|x86.ActiveCfg = Debug|Win32
		{71A412F2-5377-4E6C-BC0C-45CEEEA177CF}.Debug|x86.Build.0 = Debug|Win32
		{71A412F2-5377-4E6C-BC0C-45CEEEA177CF}.Release|x64.ActiveCfg = Release|x64
		{71A412F2-5377-4E6C-BC0C-45CEEEA177CF}.Release|x64.Build.0 = Release|x64
		{71A412F2-5377-4E6C-BC0C-45CEEEA177CF}.Release|x86.ActiveCfg = Release|Win32
		{71A412F2-5377-4E6C-BC0C-45CEEEA177CF}.Release|x86.Build.0 = Release|Win32
	EndGlobalSection
	GlobalSection(SolutionProperties) = preSolution
		HideSolutionNode = FALSE
	EndGlobalSection
	GlobalSection(ExtensibilityGlobals) = postSolution
		SolutionGuid = {CC93FB37-B807-405A-8EC5-754A72CB98B1}
	EndGlobalSection
EndGlobal
